<?xml version="1.0" encoding="utf-8"?>
<Project ToolsVersion="4.0" xmlns="http://schemas.microsoft.com/developer/msbuild/2003">
  <ItemGroup>
    <ClCompile Include="stdafx.cpp">
      <Filter>Source</Filter>
    </ClCompile>
    <ClCompile Include="main.cpp">
      <Filter>Source</Filter>
    </ClCompile>
    <ClCompile Include="corewindow.cpp">
      <Filter>Source</Filter>
    </ClCompile>
  </ItemGroup>
  <ItemGroup>
    <Filter Include="Headers">
      <UniqueIdentifier>{09889468-d982-4aa7-9a64-dba34e8a58b8}</UniqueIdentifier>
    </Filter>
    <Filter Include="Source">
      <UniqueIdentifier>{97c77c44-1480-40d6-bc66-4983fb552e90}</UniqueIdentifier>
    </Filter>
    <Filter Include="Qt">
      <UniqueIdentifier>{1f3808ca-37f6-465a-a3a3-cc5ac69d3a7c}</UniqueIdentifier>
    </Filter>
  </ItemGroup>
  <ItemGroup>
    <QtMoc Include="corewindow.h">
      <Filter>Headers</Filter>
    </QtMoc>
  </ItemGroup>
  <ItemGroup>
    <ClInclude Include="stdafx.h">
      <Filter>Headers</Filter>
    </ClInclude>
  </ItemGroup>
  <ItemGroup>
    <QtUic Include="corewindow.ui">
      <Filter>Qt</Filter>
    </QtUic>
  </ItemGroup>
  <ItemGroup>
    <QtRcc Include="corewindow.qrc">
      <Filter>Qt</Filter>
    </QtRcc>
  </ItemGroup>
  <ItemGroup>
    <ResourceCompile Include="black-scholes-core.rc">
      <Filter>Qt</Filter>
    </ResourceCompile>
  </ItemGroup>
  <ItemGroup>
    <None Include="black-scholes-core.ico">
      <Filter>Qt</Filter>
    </None>
  </ItemGroup>
</Project>