<?xml version="1.0" encoding="utf-8"?>
<Project ToolsVersion="4.0" xmlns="http://schemas.microsoft.com/developer/msbuild/2003">
  <ItemGroup>
    <Filter Include="Headers">
      <UniqueIdentifier>{80b2c92d-48b5-480b-86ee-faeb18167143}</UniqueIdentifier>
    </Filter>
    <Filter Include="CUDA">
      <UniqueIdentifier>{42a98c17-79d0-41f9-8b41-3edc6172ff36}</UniqueIdentifier>
    </Filter>
    <Filter Include="Source">
      <UniqueIdentifier>{71424e5f-5e31-4655-bdee-3462ea18b8c5}</UniqueIdentifier>
    </Filter>
  </ItemGroup>
  <ItemGroup>
    <CudaCompile Include="kernel.cu">
      <Filter>CUDA</Filter>
    </CudaCompile>
  </ItemGroup>
  <ItemGroup>
    <ClCompile Include="vector.cpp">
      <Filter>Source</Filter>
    </ClCompile>
    <ClCompile Include="matrix.cpp">
      <Filter>Source</Filter>
    </ClCompile>
  </ItemGroup>
  <ItemGroup>
    <ClInclude Include="vector.h">
      <Filter>Headers</Filter>
    </ClInclude>
    <ClInclude Include="kernel.cuh">
      <Filter>Headers</Filter>
    </ClInclude>
    <ClInclude Include="matrix.h">
      <Filter>Headers</Filter>
    </ClInclude>
  </ItemGroup>
</Project>